
Microsoft Visual Studio Solution File, Format Version 12.00
# Visual Studio Version 16
VisualStudioVersion = 16.0.29418.71
MinimumVisualStudioVersion = 10.0.40219.1
Project("{FAE04EC0-301F-11D3-BF4B-00C04F79EFBC}") = "CSAc4yFinalLib", "CSAc4yFinalLib\CSAc4yFinalLib.csproj", "{4B92CFF5-AE3B-4157-9966-5010668F71E7}"
EndProject
Global
	GlobalSection(SolutionConfigurationPlatforms) = preSolution
		Debug|Any CPU = Debug|Any CPU
		Release|Any CPU = Release|Any CPU
	EndGlobalSection
	GlobalSection(ProjectConfigurationPlatforms) = postSolution
		{4B92CFF5-AE3B-4157-9966-5010668F71E7}.Debug|Any CPU.ActiveCfg = Debug|Any CPU
		{4B92CFF5-AE3B-4157-9966-5010668F71E7}.Debug|Any CPU.Build.0 = Debug|Any CPU
		{4B92CFF5-AE3B-4157-9966-5010668F71E7}.Release|Any CPU.ActiveCfg = Release|Any CPU
		{4B92CFF5-AE3B-4157-9966-5010668F71E7}.Release|Any CPU.Build.0 = Release|Any CPU
	EndGlobalSection
	GlobalSection(SolutionProperties) = preSolution
		HideSolutionNode = FALSE
	EndGlobalSection
	GlobalSection(ExtensibilityGlobals) = postSolution
		SolutionGuid = {17BE5950-EACB-464C-A051-B276AED72668}
	EndGlobalSection
EndGlobal
